# THIS IS AN AUTOGENERATED FILE. DO NOT EDIT THIS FILE DIRECTLY.
# yarn lockfile v1


"@auth0/auth0-react@1.2.0":
  version "1.2.0"
  resolved "https://registry.yarnpkg.com/@auth0/auth0-react/-/auth0-react-1.2.0.tgz#6d63a3aa618f610ba3a5c0f51d513907f62d1802"
  dependencies:
    "@auth0/auth0-spa-js" "^1.13.1"

"@auth0/auth0-spa-js@^1.13.1":
  version "1.13.6"
  resolved "https://registry.yarnpkg.com/@auth0/auth0-spa-js/-/auth0-spa-js-1.13.6.tgz#3ad50e1a60467cd35ff3887edef67399bff98dfc"
  dependencies:
    abortcontroller-polyfill "^1.5.0"
    browser-tabs-lock "1.2.9"
    core-js "^3.8.0"
    es-cookie "^1.3.2"
    fast-text-encoding "^1.0.3"
    promise-polyfill "^8.2.0"
    unfetch "^4.2.0"

"@babel/helper-plugin-utils@^7.8.0":
  version "7.12.13"
  resolved "https://registry.yarnpkg.com/@babel/helper-plugin-utils/-/helper-plugin-utils-7.12.13.tgz#174254d0f2424d8aefb4dd48057511247b0a9eeb"

"@babel/plugin-syntax-object-rest-spread@7.8.3":
  version "7.8.3"
  resolved "https://registry.yarnpkg.com/@babel/plugin-syntax-object-rest-spread/-/plugin-syntax-object-rest-spread-7.8.3.tgz#60e225edcbd98a640332a2e72dd3e66f1af55871"
  integrity sha512-XoqMijGZb9y3y2XskN+P1wUGiVwWZ5JmoDRwx5+3GmEplNyVM2s2Dg8ILFQm8rWM48orGy5YpI5Bl8U1y7ydlA==
  dependencies:
    "@babel/helper-plugin-utils" "^7.8.0"

"@entur/auth-provider@link:..":
  version "1.1.0"
  dependencies:
    "@auth0/auth0-react" "1.2.0"

"@testing-library/jest-dom@link:../node_modules/@testing-library/jest-dom":
  version "0.0.0"

"@testing-library/react@link:../node_modules/@testing-library/react":
  version "0.0.0"

"@testing-library/user-event@link:../node_modules/@testing-library/user-event":
  version "0.0.0"

"@types/jest@link:../node_modules/@types/jest":
  version "0.0.0"

"@types/node@link:../node_modules/@types/node":
  version "0.0.0"

"@types/react-dom@link:../node_modules/@types/react-dom":
  version "0.0.0"

"@types/react@link:../node_modules/@types/react":
  version "0.0.0"

abortcontroller-polyfill@^1.5.0:
  version "1.7.1"
  resolved "https://registry.yarnpkg.com/abortcontroller-polyfill/-/abortcontroller-polyfill-1.7.1.tgz#27084bac87d78a7224c8ee78135d05df430c2d2f"

browser-tabs-lock@1.2.9:
  version "1.2.9"
  resolved "https://registry.yarnpkg.com/browser-tabs-lock/-/browser-tabs-lock-1.2.9.tgz#fa9568471c49de1dbe311a6da95f86794bbe1fdf"

core-js@^3.8.0:
  version "3.8.3"
  resolved "https://registry.yarnpkg.com/core-js/-/core-js-3.8.3.tgz#c21906e1f14f3689f93abcc6e26883550dd92dd0"

es-cookie@^1.3.2:
  version "1.3.2"
  resolved "https://registry.yarnpkg.com/es-cookie/-/es-cookie-1.3.2.tgz#80e831597f72a25721701bdcb21d990319acd831"

fast-text-encoding@^1.0.3:
  version "1.0.3"
  resolved "https://registry.yarnpkg.com/fast-text-encoding/-/fast-text-encoding-1.0.3.tgz#ec02ac8e01ab8a319af182dae2681213cfe9ce53"

promise-polyfill@^8.2.0:
  version "8.2.0"
  resolved "https://registry.yarnpkg.com/promise-polyfill/-/promise-polyfill-8.2.0.tgz#367394726da7561457aba2133c9ceefbd6267da0"

"react-dom@link:../node_modules/react-dom":
  version "0.0.0"

"react-scripts@link:../node_modules/react-scripts":
  version "0.0.0"

"react@link:../node_modules/react":
  version "0.0.0"

"typescript@link:../node_modules/typescript":
  version "0.0.0"

unfetch@^4.2.0:
  version "4.2.0"
  resolved "https://registry.yarnpkg.com/unfetch/-/unfetch-4.2.0.tgz#7e21b0ef7d363d8d9af0fb929a5555f6ef97a3be"
